
Microsoft Visual Studio Solution File, Format Version 11.00
# Visual Studio 2010
Project("{3947E667-4C90-4C3A-BEB9-7148D6FE0D7C}") = "JASM", "JASM\JASM.dproj", "{F9F6E8B2-F9BF-47D8-A06A-0C656FA3BBB7}"
EndProject
Project("{3947E667-4C90-4C3A-BEB9-7148D6FE0D7C}") = "JDLL", "..\JDLL\JDLL\JDLL.dproj", "{6AAFF55D-A7B1-4B8D-A375-E61875E1793C}"
EndProject
Global
	GlobalSection(SolutionConfigurationPlatforms) = preSolution
		Debug|Any CPU = Debug|Any CPU
		Release|Any CPU = Release|Any CPU
		Unittest|Any CPU = Unittest|Any CPU
	EndGlobalSection
	GlobalSection(ProjectConfigurationPlatforms) = postSolution
		{6AAFF55D-A7B1-4B8D-A375-E61875E1793C}.Debug|Any CPU.ActiveCfg = Debug|Any CPU
		{6AAFF55D-A7B1-4B8D-A375-E61875E1793C}.Debug|Any CPU.Build.0 = Debug|Any CPU
		{6AAFF55D-A7B1-4B8D-A375-E61875E1793C}.Release|Any CPU.ActiveCfg = Release|Any CPU
		{6AAFF55D-A7B1-4B8D-A375-E61875E1793C}.Release|Any CPU.Build.0 = Release|Any CPU
		{6AAFF55D-A7B1-4B8D-A375-E61875E1793C}.Unittest|Any CPU.ActiveCfg = Unittest|Any CPU
		{6AAFF55D-A7B1-4B8D-A375-E61875E1793C}.Unittest|Any CPU.Build.0 = Unittest|Any CPU
		{F9F6E8B2-F9BF-47D8-A06A-0C656FA3BBB7}.Debug|Any CPU.ActiveCfg = Debug|Any CPU
		{F9F6E8B2-F9BF-47D8-A06A-0C656FA3BBB7}.Debug|Any CPU.Build.0 = Debug|Any CPU
		{F9F6E8B2-F9BF-47D8-A06A-0C656FA3BBB7}.Release|Any CPU.ActiveCfg = Release|Any CPU
		{F9F6E8B2-F9BF-47D8-A06A-0C656FA3BBB7}.Release|Any CPU.Build.0 = Release|Any CPU
		{F9F6E8B2-F9BF-47D8-A06A-0C656FA3BBB7}.Unittest|Any CPU.ActiveCfg = Unittest|Any CPU
		{F9F6E8B2-F9BF-47D8-A06A-0C656FA3BBB7}.Unittest|Any CPU.Build.0 = Unittest|Any CPU
	EndGlobalSection
	GlobalSection(MonoDevelopProperties) = preSolution
		StartupItem = JASM\JASM.dproj
	EndGlobalSection
EndGlobal
